
Microsoft Visual Studio Solution File, Format Version 12.00
# Visual Studio Version 17
VisualStudioVersion = 17.6.33829.357
MinimumVisualStudioVersion = 10.0.40219.1
Project("{54A90642-561A-4BB1-A94E-469ADEE60C69}") = "angularapp", "angularapp\angularapp.esproj", "{CC0635B6-2552-42B3-AA86-E313953FBE06}"
EndProject
Project("{9A19103F-16F7-4668-BE54-9A1E7A4F7556}") = "webapi", "webapi\webapi.csproj", "{0B02D2B8-A697-4F3D-8A53-0E3AEAE0DBAB}"
EndProject
Project("{2150E333-8FDC-42A3-9474-1A3956D46DE8}") = "FrontEnd", "FrontEnd", "{69E5724D-1A31-4D34-81E6-2CB297A0D83D}"
EndProject
Project("{2150E333-8FDC-42A3-9474-1A3956D46DE8}") = "BackEnd", "BackEnd", "{DB788FFE-7ECC-4C64-BB7D-41AD9138A705}"
EndProject
Project("{2150E333-8FDC-42A3-9474-1A3956D46DE8}") = "Core", "Core", "{681D0133-8873-4F9C-A159-0F21F75D7130}"
EndProject
Project("{2150E333-8FDC-42A3-9474-1A3956D46DE8}") = "Infrastructure", "Infrastructure", "{5EBD8542-3DE3-4F29-B6C9-6CDAACB340F4}"
EndProject
Project("{2150E333-8FDC-42A3-9474-1A3956D46DE8}") = "Shared", "Shared", "{6C173C4C-66F1-4A0A-A7DC-D0AA6FF52C83}"
EndProject
Project("{9A19103F-16F7-4668-BE54-9A1E7A4F7556}") = "Contracts", "Contracts\Contracts.csproj", "{64CCCDB3-08DD-484B-8ADE-1775DF7A1666}"
EndProject
Project("{9A19103F-16F7-4668-BE54-9A1E7A4F7556}") = "DTOs", "DTOs\DTOs.csproj", "{7E7E5F63-9DBC-499F-A951-1852B1F5B59F}"
EndProject
Project("{9A19103F-16F7-4668-BE54-9A1E7A4F7556}") = "IoC", "IoC\IoC.csproj", "{A0E91B02-C859-4147-99D7-0907A9CD3DFA}"
EndProject
Project("{9A19103F-16F7-4668-BE54-9A1E7A4F7556}") = "Repository", "Repository\Repository.csproj", "{D296CEE2-49AA-4282-B46C-ADBF4779257B}"
EndProject
Project("{9A19103F-16F7-4668-BE54-9A1E7A4F7556}") = "Domain", "Domain\Domain.csproj", "{83CE8448-3BB6-433A-8D1C-57FD3B0BCCD0}"
EndProject
Project("{9A19103F-16F7-4668-BE54-9A1E7A4F7556}") = "Application", "Application\Application.csproj", "{FE4BD829-34AA-4919-A481-568FF0570C70}"
EndProject
Global
	GlobalSection(SolutionConfigurationPlatforms) = preSolution
		Debug|Any CPU = Debug|Any CPU
		Release|Any CPU = Release|Any CPU
	EndGlobalSection
	GlobalSection(ProjectConfigurationPlatforms) = postSolution
		{CC0635B6-2552-42B3-AA86-E313953FBE06}.Debug|Any CPU.ActiveCfg = Debug|Any CPU
		{CC0635B6-2552-42B3-AA86-E313953FBE06}.Release|Any CPU.ActiveCfg = Release|Any CPU
		{CC0635B6-2552-42B3-AA86-E313953FBE06}.Release|Any CPU.Build.0 = Release|Any CPU
		{CC0635B6-2552-42B3-AA86-E313953FBE06}.Release|Any CPU.Deploy.0 = Release|Any CPU
		{0B02D2B8-A697-4F3D-8A53-0E3AEAE0DBAB}.Debug|Any CPU.ActiveCfg = Debug|Any CPU
		{0B02D2B8-A697-4F3D-8A53-0E3AEAE0DBAB}.Debug|Any CPU.Build.0 = Debug|Any CPU
		{0B02D2B8-A697-4F3D-8A53-0E3AEAE0DBAB}.Release|Any CPU.ActiveCfg = Release|Any CPU
		{0B02D2B8-A697-4F3D-8A53-0E3AEAE0DBAB}.Release|Any CPU.Build.0 = Release|Any CPU
		{64CCCDB3-08DD-484B-8ADE-1775DF7A1666}.Debug|Any CPU.ActiveCfg = Debug|Any CPU
		{64CCCDB3-08DD-484B-8ADE-1775DF7A1666}.Debug|Any CPU.Build.0 = Debug|Any CPU
		{64CCCDB3-08DD-484B-8ADE-1775DF7A1666}.Release|Any CPU.ActiveCfg = Release|Any CPU
		{64CCCDB3-08DD-484B-8ADE-1775DF7A1666}.Release|Any CPU.Build.0 = Release|Any CPU
		{7E7E5F63-9DBC-499F-A951-1852B1F5B59F}.Debug|Any CPU.ActiveCfg = Debug|Any CPU
		{7E7E5F63-9DBC-499F-A951-1852B1F5B59F}.Debug|Any CPU.Build.0 = Debug|Any CPU
		{7E7E5F63-9DBC-499F-A951-1852B1F5B59F}.Release|Any CPU.ActiveCfg = Release|Any CPU
		{7E7E5F63-9DBC-499F-A951-1852B1F5B59F}.Release|Any CPU.Build.0 = Release|Any CPU
		{A0E91B02-C859-4147-99D7-0907A9CD3DFA}.Debug|Any CPU.ActiveCfg = Debug|Any CPU
		{A0E91B02-C859-4147-99D7-0907A9CD3DFA}.Debug|Any CPU.Build.0 = Debug|Any CPU
		{A0E91B02-C859-4147-99D7-0907A9CD3DFA}.Release|Any CPU.ActiveCfg = Release|Any CPU
		{A0E91B02-C859-4147-99D7-0907A9CD3DFA}.Release|Any CPU.Build.0 = Release|Any CPU
		{D296CEE2-49AA-4282-B46C-ADBF4779257B}.Debug|Any CPU.ActiveCfg = Debug|Any CPU
		{D296CEE2-49AA-4282-B46C-ADBF4779257B}.Debug|Any CPU.Build.0 = Debug|Any CPU
		{D296CEE2-49AA-4282-B46C-ADBF4779257B}.Release|Any CPU.ActiveCfg = Release|Any CPU
		{D296CEE2-49AA-4282-B46C-ADBF4779257B}.Release|Any CPU.Build.0 = Release|Any CPU
		{83CE8448-3BB6-433A-8D1C-57FD3B0BCCD0}.Debug|Any CPU.ActiveCfg = Debug|Any CPU
		{83CE8448-3BB6-433A-8D1C-57FD3B0BCCD0}.Debug|Any CPU.Build.0 = Debug|Any CPU
		{83CE8448-3BB6-433A-8D1C-57FD3B0BCCD0}.Release|Any CPU.ActiveCfg = Release|Any CPU
		{83CE8448-3BB6-433A-8D1C-57FD3B0BCCD0}.Release|Any CPU.Build.0 = Release|Any CPU
		{FE4BD829-34AA-4919-A481-568FF0570C70}.Debug|Any CPU.ActiveCfg = Debug|Any CPU
		{FE4BD829-34AA-4919-A481-568FF0570C70}.Debug|Any CPU.Build.0 = Debug|Any CPU
		{FE4BD829-34AA-4919-A481-568FF0570C70}.Release|Any CPU.ActiveCfg = Release|Any CPU
		{FE4BD829-34AA-4919-A481-568FF0570C70}.Release|Any CPU.Build.0 = Release|Any CPU
	EndGlobalSection
	GlobalSection(SolutionProperties) = preSolution
		HideSolutionNode = FALSE
	EndGlobalSection
	GlobalSection(NestedProjects) = preSolution
		{CC0635B6-2552-42B3-AA86-E313953FBE06} = {69E5724D-1A31-4D34-81E6-2CB297A0D83D}
		{0B02D2B8-A697-4F3D-8A53-0E3AEAE0DBAB} = {DB788FFE-7ECC-4C64-BB7D-41AD9138A705}
		{681D0133-8873-4F9C-A159-0F21F75D7130} = {DB788FFE-7ECC-4C64-BB7D-41AD9138A705}
		{5EBD8542-3DE3-4F29-B6C9-6CDAACB340F4} = {DB788FFE-7ECC-4C64-BB7D-41AD9138A705}
		{6C173C4C-66F1-4A0A-A7DC-D0AA6FF52C83} = {DB788FFE-7ECC-4C64-BB7D-41AD9138A705}
		{64CCCDB3-08DD-484B-8ADE-1775DF7A1666} = {6C173C4C-66F1-4A0A-A7DC-D0AA6FF52C83}
		{7E7E5F63-9DBC-499F-A951-1852B1F5B59F} = {6C173C4C-66F1-4A0A-A7DC-D0AA6FF52C83}
		{A0E91B02-C859-4147-99D7-0907A9CD3DFA} = {5EBD8542-3DE3-4F29-B6C9-6CDAACB340F4}
		{D296CEE2-49AA-4282-B46C-ADBF4779257B} = {5EBD8542-3DE3-4F29-B6C9-6CDAACB340F4}
		{83CE8448-3BB6-433A-8D1C-57FD3B0BCCD0} = {681D0133-8873-4F9C-A159-0F21F75D7130}
		{FE4BD829-34AA-4919-A481-568FF0570C70} = {681D0133-8873-4F9C-A159-0F21F75D7130}
	EndGlobalSection
	GlobalSection(ExtensibilityGlobals) = postSolution
		SolutionGuid = {2FF04D42-FD57-45EE-85F0-42F4DD747DD4}
	EndGlobalSection
EndGlobal
